
Microsoft Visual Studio Solution File, Format Version 12.00
# Visual Studio Version 16
VisualStudioVersion = 16.0.31729.503
MinimumVisualStudioVersion = 10.0.40219.1
Project("{FAE04EC0-301F-11D3-BF4B-00C04F79EFBC}") = "ClassMetotDemo", "ClassMetotDemo\ClassMetotDemo.csproj", "{02C2C6ED-E951-4147-921B-B55F56327503}"
EndProject
Global
	GlobalSection(SolutionConfigurationPlatforms) = preSolution
		Debug|Any CPU = Debug|Any CPU
		Release|Any CPU = Release|Any CPU
	EndGlobalSection
	GlobalSection(ProjectConfigurationPlatforms) = postSolution
		{02C2C6ED-E951-4147-921B-B55F56327503}.Debug|Any CPU.ActiveCfg = Debug|Any CPU
		{02C2C6ED-E951-4147-921B-B55F56327503}.Debug|Any CPU.Build.0 = Debug|Any CPU
		{02C2C6ED-E951-4147-921B-B55F56327503}.Release|Any CPU.ActiveCfg = Release|Any CPU
		{02C2C6ED-E951-4147-921B-B55F56327503}.Release|Any CPU.Build.0 = Release|Any CPU
	EndGlobalSection
	GlobalSection(SolutionProperties) = preSolution
		HideSolutionNode = FALSE
	EndGlobalSection
	GlobalSection(ExtensibilityGlobals) = postSolution
		SolutionGuid = {4B41062E-90B9-4773-A1EF-772EFDDECE43}
	EndGlobalSection
EndGlobal
